
Microsoft Visual Studio Solution File, Format Version 12.00
Project("{FAE04EC0-301F-11D3-BF4B-00C04F79EFBC}") = "GraphQL", "GraphQL\GraphQL.csproj", "{5EB02F04-2B3B-4F3E-ADBB-D74DD502071D}"
EndProject
Global
	GlobalSection(SolutionConfigurationPlatforms) = preSolution
		Debug|Any CPU = Debug|Any CPU
		Release|Any CPU = Release|Any CPU
	EndGlobalSection
	GlobalSection(ProjectConfigurationPlatforms) = postSolution
		{5EB02F04-2B3B-4F3E-ADBB-D74DD502071D}.Debug|Any CPU.ActiveCfg = Debug|Any CPU
		{5EB02F04-2B3B-4F3E-ADBB-D74DD502071D}.Debug|Any CPU.Build.0 = Debug|Any CPU
		{5EB02F04-2B3B-4F3E-ADBB-D74DD502071D}.Release|Any CPU.ActiveCfg = Release|Any CPU
		{5EB02F04-2B3B-4F3E-ADBB-D74DD502071D}.Release|Any CPU.Build.0 = Release|Any CPU
	EndGlobalSection
EndGlobal
